dependencies:
- name: base
  repository: https://istio-release.storage.googleapis.com/charts
  version: 1.25.0
- name: istiod
  repository: https://istio-release.storage.googleapis.com/charts
  version: 1.25.0
- name: gateway
  repository: https://istio-release.storage.googleapis.com/charts
  version: 1.25.0
- name: rabbitmq
  repository: https://charts.bitnami.com/bitnami
  version: 16.0.1
- name: decision-engine
  repository: file://../decision-engine
  version: 0.1.0
- name: buffer-service
  repository: file://../buffer-service
  version: 0.1.0
- name: carbonshift-operator
  repository: file://../../operator/dist/chart
  version: 0.1.0
digest: sha256:9a790b2a1e55de3b32cdde7785826651af26b68bd3a3ad032136edada5b4204a
generated: "2025-05-27T12:42:56.136726+02:00"
