dependencies:
- name: base
  repository: https://istio-release.storage.googleapis.com/charts
  version: 1.25.0
- name: istiod
  repository: https://istio-release.storage.googleapis.com/charts
  version: 1.25.0
- name: gateway
  repository: https://istio-release.storage.googleapis.com/charts
  version: 1.25.0
- name: kube-prometheus-stack
  repository: https://prometheus-community.github.io/helm-charts
  version: 75.6.0
- name: rabbitmq
  repository: https://charts.bitnami.com/bitnami
  version: 16.0.1
- name: decision-engine
  repository: file://../decision-engine
  version: 0.1.0
- name: carbonshift-operator
  repository: file://../../operator/dist/chart
  version: 0.1.0
digest: sha256:2b1a04605309853d392ad72e688f0682caeddb2b0e9c40445d3da925bdf65e89
generated: "2025-06-28T13:00:26.081203+02:00"
